// !$*UTF8*$!
{
	archiveVersion = 1;
	classes = {
	};
	objectVersion = 56;
	objects = {

/* Begin PBXBuildFile section */
		6D1A4FD02B341A4700969098 /* Meals.json in Resources */ = {isa = PBXBuildFile; fileRef = 6D1A4FCF2B341A4700969098 /* Meals.json */; };
		6D1A4FD22B345C7700969098 /* HomeIntroPageViewModel.swift in Sources */ = {isa = PBXBuildFile; fileRef = 6D1A4FD12B345C7700969098 /* HomeIntroPageViewModel.swift */; };
		6D1A4FD42B3465D200969098 /* MealDetailViewModel.swift in Sources */ = {isa = PBXBuildFile; fileRef = 6D1A4FD32B3465D100969098 /* MealDetailViewModel.swift */; };
		6D1A4FD62B3471CE00969098 /* UIImageView+Extensions.swift in Sources */ = {isa = PBXBuildFile; fileRef = 6D1A4FD52B3471CE00969098 /* UIImageView+Extensions.swift */; };
		6D1A4FD82B347BFA00969098 /* HomeIntroPageViewControllerTests.swift in Sources */ = {isa = PBXBuildFile; fileRef = 6D1A4FD72B347BFA00969098 /* HomeIntroPageViewControllerTests.swift */; };
		6D1A4FDA2B348D0100969098 /* RecipeListViewControllerTests.swift in Sources */ = {isa = PBXBuildFile; fileRef = 6D1A4FD92B348D0100969098 /* RecipeListViewControllerTests.swift */; };
		6D1A4FDC2B34938300969098 /* MealDetailViewControllerTests.swift in Sources */ = {isa = PBXBuildFile; fileRef = 6D1A4FDB2B34938300969098 /* MealDetailViewControllerTests.swift */; };
		6D1A4FDE2B34997A00969098 /* HomeIntroPageViewControllerUITests.swift in Sources */ = {isa = PBXBuildFile; fileRef = 6D1A4FDD2B34997A00969098 /* HomeIntroPageViewControllerUITests.swift */; };
		6D1A4FE02B3499EA00969098 /* CategoryViewController.swift in Sources */ = {isa = PBXBuildFile; fileRef = 6D1A4FDF2B3499EA00969098 /* CategoryViewController.swift */; };
		6D1A4FE22B349D8500969098 /* RecipeListViewcontrollerUITests.swift in Sources */ = {isa = PBXBuildFile; fileRef = 6D1A4FE12B349D8500969098 /* RecipeListViewcontrollerUITests.swift */; };
		6D1A4FE42B34A08900969098 /* RecipeCookbookUITests.swift in Sources */ = {isa = PBXBuildFile; fileRef = 6D5FBB8D2B2E060300EEB413 /* RecipeCookbookUITests.swift */; };
		6D1A4FE62B34A0AC00969098 /* MealDetailViewControllerUITests.swift in Sources */ = {isa = PBXBuildFile; fileRef = 6D1A4FE52B34A0AC00969098 /* MealDetailViewControllerUITests.swift */; };
		6D5FBB6D2B2E060100EEB413 /* AppDelegate.swift in Sources */ = {isa = PBXBuildFile; fileRef = 6D5FBB6C2B2E060100EEB413 /* AppDelegate.swift */; };
		6D5FBB6F2B2E060100EEB413 /* SceneDelegate.swift in Sources */ = {isa = PBXBuildFile; fileRef = 6D5FBB6E2B2E060100EEB413 /* SceneDelegate.swift */; };
		6D5FBB712B2E060100EEB413 /* HomeIntroPageViewController.swift in Sources */ = {isa = PBXBuildFile; fileRef = 6D5FBB702B2E060100EEB413 /* HomeIntroPageViewController.swift */; };
		6D5FBB742B2E060100EEB413 /* Main.storyboard in Resources */ = {isa = PBXBuildFile; fileRef = 6D5FBB722B2E060100EEB413 /* Main.storyboard */; };
		6D5FBB762B2E060200EEB413 /* Assets.xcassets in Resources */ = {isa = PBXBuildFile; fileRef = 6D5FBB752B2E060200EEB413 /* Assets.xcassets */; };
		6D5FBB792B2E060200EEB413 /* LaunchScreen.storyboard in Resources */ = {isa = PBXBuildFile; fileRef = 6D5FBB772B2E060200EEB413 /* LaunchScreen.storyboard */; };
		6D5FBB842B2E060300EEB413 /* RecipeCookbookTests.swift in Sources */ = {isa = PBXBuildFile; fileRef = 6D5FBB832B2E060300EEB413 /* RecipeCookbookTests.swift */; };
		6D5FBB902B2E060300EEB413 /* RecipeCookbookUITestsLaunchTests.swift in Sources */ = {isa = PBXBuildFile; fileRef = 6D5FBB8F2B2E060300EEB413 /* RecipeCookbookUITestsLaunchTests.swift */; };
		6D5FBB9D2B2E2FAF00EEB413 /* CategoryItem.xib in Resources */ = {isa = PBXBuildFile; fileRef = 6D5FBB9C2B2E2FAF00EEB413 /* CategoryItem.xib */; };
		6D5FBB9F2B2E312E00EEB413 /* CategoryView.swift in Sources */ = {isa = PBXBuildFile; fileRef = 6D5FBB9E2B2E312E00EEB413 /* CategoryView.swift */; };
		6D95F5BE2B3303C60087CD30 /* CategoryViewModel.swift in Sources */ = {isa = PBXBuildFile; fileRef = 6D95F5BD2B3303C60087CD30 /* CategoryViewModel.swift */; };
		6D95F5C02B335F0C0087CD30 /* RecipeListViewModel.swift in Sources */ = {isa = PBXBuildFile; fileRef = 6D95F5BF2B335F0C0087CD30 /* RecipeListViewModel.swift */; };
		6D95F5C22B33622D0087CD30 /* Enums.swift in Sources */ = {isa = PBXBuildFile; fileRef = 6D95F5C12B33622D0087CD30 /* Enums.swift */; };
		6D95F5C42B336C5A0087CD30 /* RequestHandler.swift in Sources */ = {isa = PBXBuildFile; fileRef = 6D95F5C32B336C5A0087CD30 /* RequestHandler.swift */; };
		6D9C83292B33F95800BFE02F /* CategoryViewControllerTests.swift in Sources */ = {isa = PBXBuildFile; fileRef = 6D9C83282B33F95800BFE02F /* CategoryViewControllerTests.swift */; };
		6D9C832C2B33FC1800BFE02F /* Categories.json in Resources */ = {isa = PBXBuildFile; fileRef = 6D9C832B2B33FC1800BFE02F /* Categories.json */; };
		6D9DC7092B31ACAC009F4753 /* Meal.swift in Sources */ = {isa = PBXBuildFile; fileRef = 6D9DC7082B31ACAC009F4753 /* Meal.swift */; };
		6D9DC70B2B31B7A6009F4753 /* Constants.swift in Sources */ = {isa = PBXBuildFile; fileRef = 6D9DC70A2B31B7A6009F4753 /* Constants.swift */; };
		6D9DC70E2B31BC01009F4753 /* RecipeListCell.swift in Sources */ = {isa = PBXBuildFile; fileRef = 6D9DC70D2B31BC01009F4753 /* RecipeListCell.swift */; };
		6D9DC7122B31D54A009F4753 /* RecipeListView.xib in Resources */ = {isa = PBXBuildFile; fileRef = 6D9DC7112B31D54A009F4753 /* RecipeListView.xib */; };
		6D9DC7142B320F1D009F4753 /* RecipeStoryboard.storyboard in Resources */ = {isa = PBXBuildFile; fileRef = 6D9DC7132B320F1D009F4753 /* RecipeStoryboard.storyboard */; };
		6DAA92412B3053F70074A960 /* RecipeListViewController.swift in Sources */ = {isa = PBXBuildFile; fileRef = 6DAA92402B3053F70074A960 /* RecipeListViewController.swift */; };
		6DAA92432B306D1B0074A960 /* MealDetailViewController.swift in Sources */ = {isa = PBXBuildFile; fileRef = 6DAA92422B306D1B0074A960 /* MealDetailViewController.swift */; };
		6DDC8FEA2B516D20000542E6 /* MainCoordinator.swift in Sources */ = {isa = PBXBuildFile; fileRef = 6DDC8FE92B516D20000542E6 /* MainCoordinator.swift */; };
		6DDC8FEC2B516E1F000542E6 /* Coordinator.swift in Sources */ = {isa = PBXBuildFile; fileRef = 6DDC8FEB2B516E1F000542E6 /* Coordinator.swift */; };
		6DDC8FEE2B516E8F000542E6 /* StoryboardInstantiate.swift in Sources */ = {isa = PBXBuildFile; fileRef = 6DDC8FED2B516E8F000542E6 /* StoryboardInstantiate.swift */; };
		6DDED4542B2F0046006F5AD7 /* CategoryViewController.swift in Sources */ = {isa = PBXBuildFile; fileRef = 6DDED4532B2F0046006F5AD7 /* CategoryViewController.swift */; };
		6DDED4562B2F1D33006F5AD7 /* RecipeCookbookNetworkManager.swift in Sources */ = {isa = PBXBuildFile; fileRef = 6DDED4552B2F1D33006F5AD7 /* RecipeCookbookNetworkManager.swift */; };
		6DDED4582B2F272E006F5AD7 /* Category.swift in Sources */ = {isa = PBXBuildFile; fileRef = 6DDED4572B2F272E006F5AD7 /* Category.swift */; };
		6DDED45C2B2F29D6006F5AD7 /* Utility.swift in Sources */ = {isa = PBXBuildFile; fileRef = 6DDED45B2B2F29D6006F5AD7 /* Utility.swift */; };
/* End PBXBuildFile section */

/* Begin PBXContainerItemProxy section */
		6D5FBB802B2E060300EEB413 /* PBXContainerItemProxy */ = {
			isa = PBXContainerItemProxy;
			containerPortal = 6D5FBB612B2E060100EEB413 /* Project object */;
			proxyType = 1;
			remoteGlobalIDString = 6D5FBB682B2E060100EEB413;
			remoteInfo = GroceryApp;
		};
		6D5FBB8A2B2E060300EEB413 /* PBXContainerItemProxy */ = {
			isa = PBXContainerItemProxy;
			containerPortal = 6D5FBB612B2E060100EEB413 /* Project object */;
			proxyType = 1;
			remoteGlobalIDString = 6D5FBB682B2E060100EEB413;
			remoteInfo = GroceryApp;
		};
/* End PBXContainerItemProxy section */

/* Begin PBXFileReference section */
		6D1A4FCF2B341A4700969098 /* Meals.json */ = {isa = PBXFileReference; lastKnownFileType = text.json; path = Meals.json; sourceTree = "<group>"; };
		6D1A4FD12B345C7700969098 /* HomeIntroPageViewModel.swift */ = {isa = PBXFileReference; lastKnownFileType = sourcecode.swift; path = HomeIntroPageViewModel.swift; sourceTree = "<group>"; };
		6D1A4FD32B3465D100969098 /* MealDetailViewModel.swift */ = {isa = PBXFileReference; lastKnownFileType = sourcecode.swift; path = MealDetailViewModel.swift; sourceTree = "<group>"; };
		6D1A4FD52B3471CE00969098 /* UIImageView+Extensions.swift */ = {isa = PBXFileReference; lastKnownFileType = sourcecode.swift; path = "UIImageView+Extensions.swift"; sourceTree = "<group>"; };
		6D1A4FD72B347BFA00969098 /* HomeIntroPageViewControllerTests.swift */ = {isa = PBXFileReference; lastKnownFileType = sourcecode.swift; path = HomeIntroPageViewControllerTests.swift; sourceTree = "<group>"; };
		6D1A4FD92B348D0100969098 /* RecipeListViewControllerTests.swift */ = {isa = PBXFileReference; lastKnownFileType = sourcecode.swift; path = RecipeListViewControllerTests.swift; sourceTree = "<group>"; };
		6D1A4FDB2B34938300969098 /* MealDetailViewControllerTests.swift */ = {isa = PBXFileReference; lastKnownFileType = sourcecode.swift; path = MealDetailViewControllerTests.swift; sourceTree = "<group>"; };
		6D1A4FDD2B34997A00969098 /* HomeIntroPageViewControllerUITests.swift */ = {isa = PBXFileReference; lastKnownFileType = sourcecode.swift; path = HomeIntroPageViewControllerUITests.swift; sourceTree = "<group>"; };
		6D1A4FDF2B3499EA00969098 /* CategoryViewController.swift */ = {isa = PBXFileReference; lastKnownFileType = sourcecode.swift; path = CategoryViewController.swift; sourceTree = "<group>"; };
		6D1A4FE12B349D8500969098 /* RecipeListViewcontrollerUITests.swift */ = {isa = PBXFileReference; lastKnownFileType = sourcecode.swift; path = RecipeListViewcontrollerUITests.swift; sourceTree = "<group>"; };
		6D1A4FE52B34A0AC00969098 /* MealDetailViewControllerUITests.swift */ = {isa = PBXFileReference; lastKnownFileType = sourcecode.swift; path = MealDetailViewControllerUITests.swift; sourceTree = "<group>"; };
		6D5FBB692B2E060100EEB413 /* RecipeCookbook.app */ = {isa = PBXFileReference; explicitFileType = wrapper.application; includeInIndex = 0; path = RecipeCookbook.app; sourceTree = BUILT_PRODUCTS_DIR; };
		6D5FBB6C2B2E060100EEB413 /* AppDelegate.swift */ = {isa = PBXFileReference; lastKnownFileType = sourcecode.swift; path = AppDelegate.swift; sourceTree = "<group>"; };
		6D5FBB6E2B2E060100EEB413 /* SceneDelegate.swift */ = {isa = PBXFileReference; lastKnownFileType = sourcecode.swift; path = SceneDelegate.swift; sourceTree = "<group>"; };
		6D5FBB702B2E060100EEB413 /* HomeIntroPageViewController.swift */ = {isa = PBXFileReference; lastKnownFileType = sourcecode.swift; path = HomeIntroPageViewController.swift; sourceTree = "<group>"; };
		6D5FBB732B2E060100EEB413 /* Base */ = {isa = PBXFileReference; lastKnownFileType = file.storyboard; name = Base; path = Base.lproj/Main.storyboard; sourceTree = "<group>"; };
		6D5FBB752B2E060200EEB413 /* Assets.xcassets */ = {isa = PBXFileReference; lastKnownFileType = folder.assetcatalog; path = Assets.xcassets; sourceTree = "<group>"; };
		6D5FBB782B2E060200EEB413 /* Base */ = {isa = PBXFileReference; lastKnownFileType = file.storyboard; name = Base; path = Base.lproj/LaunchScreen.storyboard; sourceTree = "<group>"; };
		6D5FBB7A2B2E060200EEB413 /* Info.plist */ = {isa = PBXFileReference; lastKnownFileType = text.plist.xml; path = Info.plist; sourceTree = "<group>"; };
		6D5FBB7F2B2E060300EEB413 /* RecipeCookbookTests.xctest */ = {isa = PBXFileReference; explicitFileType = wrapper.cfbundle; includeInIndex = 0; path = RecipeCookbookTests.xctest; sourceTree = BUILT_PRODUCTS_DIR; };
		6D5FBB832B2E060300EEB413 /* RecipeCookbookTests.swift */ = {isa = PBXFileReference; lastKnownFileType = sourcecode.swift; path = RecipeCookbookTests.swift; sourceTree = "<group>"; };
		6D5FBB892B2E060300EEB413 /* RecipeCookbookUITests.xctest */ = {isa = PBXFileReference; explicitFileType = wrapper.cfbundle; includeInIndex = 0; path = RecipeCookbookUITests.xctest; sourceTree = BUILT_PRODUCTS_DIR; };
		6D5FBB8D2B2E060300EEB413 /* RecipeCookbookUITests.swift */ = {isa = PBXFileReference; lastKnownFileType = sourcecode.swift; path = RecipeCookbookUITests.swift; sourceTree = "<group>"; };
		6D5FBB8F2B2E060300EEB413 /* RecipeCookbookUITestsLaunchTests.swift */ = {isa = PBXFileReference; lastKnownFileType = sourcecode.swift; path = RecipeCookbookUITestsLaunchTests.swift; sourceTree = "<group>"; };
		6D5FBB9C2B2E2FAF00EEB413 /* CategoryItem.xib */ = {isa = PBXFileReference; lastKnownFileType = file.xib; path = CategoryItem.xib; sourceTree = "<group>"; };
		6D5FBB9E2B2E312E00EEB413 /* CategoryView.swift */ = {isa = PBXFileReference; lastKnownFileType = sourcecode.swift; path = CategoryView.swift; sourceTree = "<group>"; };
		6D95F5BD2B3303C60087CD30 /* CategoryViewModel.swift */ = {isa = PBXFileReference; lastKnownFileType = sourcecode.swift; path = CategoryViewModel.swift; sourceTree = "<group>"; };
		6D95F5BF2B335F0C0087CD30 /* RecipeListViewModel.swift */ = {isa = PBXFileReference; lastKnownFileType = sourcecode.swift; path = RecipeListViewModel.swift; sourceTree = "<group>"; };
		6D95F5C12B33622D0087CD30 /* Enums.swift */ = {isa = PBXFileReference; lastKnownFileType = sourcecode.swift; path = Enums.swift; sourceTree = "<group>"; };
		6D95F5C32B336C5A0087CD30 /* RequestHandler.swift */ = {isa = PBXFileReference; lastKnownFileType = sourcecode.swift; path = RequestHandler.swift; sourceTree = "<group>"; };
		6D9C83282B33F95800BFE02F /* CategoryViewControllerTests.swift */ = {isa = PBXFileReference; lastKnownFileType = sourcecode.swift; path = CategoryViewControllerTests.swift; sourceTree = "<group>"; };
		6D9C832B2B33FC1800BFE02F /* Categories.json */ = {isa = PBXFileReference; lastKnownFileType = text.json; path = Categories.json; sourceTree = "<group>"; };
		6D9DC7082B31ACAC009F4753 /* Meal.swift */ = {isa = PBXFileReference; lastKnownFileType = sourcecode.swift; path = Meal.swift; sourceTree = "<group>"; };
		6D9DC70A2B31B7A6009F4753 /* Constants.swift */ = {isa = PBXFileReference; lastKnownFileType = sourcecode.swift; path = Constants.swift; sourceTree = "<group>"; };
		6D9DC70D2B31BC01009F4753 /* RecipeListCell.swift */ = {isa = PBXFileReference; lastKnownFileType = sourcecode.swift; path = RecipeListCell.swift; sourceTree = "<group>"; };
		6D9DC7112B31D54A009F4753 /* RecipeListView.xib */ = {isa = PBXFileReference; lastKnownFileType = file.xib; path = RecipeListView.xib; sourceTree = "<group>"; };
		6D9DC7132B320F1D009F4753 /* RecipeStoryboard.storyboard */ = {isa = PBXFileReference; lastKnownFileType = file.storyboard; path = RecipeStoryboard.storyboard; sourceTree = "<group>"; };
		6DAA92402B3053F70074A960 /* RecipeListViewController.swift */ = {isa = PBXFileReference; lastKnownFileType = sourcecode.swift; path = RecipeListViewController.swift; sourceTree = "<group>"; };
		6DAA92422B306D1B0074A960 /* MealDetailViewController.swift */ = {isa = PBXFileReference; lastKnownFileType = sourcecode.swift; path = MealDetailViewController.swift; sourceTree = "<group>"; };
		6DDC8FE92B516D20000542E6 /* MainCoordinator.swift */ = {isa = PBXFileReference; lastKnownFileType = sourcecode.swift; path = MainCoordinator.swift; sourceTree = "<group>"; };
		6DDC8FEB2B516E1F000542E6 /* Coordinator.swift */ = {isa = PBXFileReference; lastKnownFileType = sourcecode.swift; path = Coordinator.swift; sourceTree = "<group>"; };
		6DDC8FED2B516E8F000542E6 /* StoryboardInstantiate.swift */ = {isa = PBXFileReference; lastKnownFileType = sourcecode.swift; path = StoryboardInstantiate.swift; sourceTree = "<group>"; };
		6DDED4532B2F0046006F5AD7 /* CategoryViewController.swift */ = {isa = PBXFileReference; lastKnownFileType = sourcecode.swift; path = CategoryViewController.swift; sourceTree = "<group>"; };
		6DDED4552B2F1D33006F5AD7 /* RecipeCookbookNetworkManager.swift */ = {isa = PBXFileReference; lastKnownFileType = sourcecode.swift; path = RecipeCookbookNetworkManager.swift; sourceTree = "<group>"; };
		6DDED4572B2F272E006F5AD7 /* Category.swift */ = {isa = PBXFileReference; lastKnownFileType = sourcecode.swift; path = Category.swift; sourceTree = "<group>"; };
		6DDED45B2B2F29D6006F5AD7 /* Utility.swift */ = {isa = PBXFileReference; lastKnownFileType = sourcecode.swift; path = Utility.swift; sourceTree = "<group>"; };
/* End PBXFileReference section */

/* Begin PBXFrameworksBuildPhase section */
		6D5FBB662B2E060100EEB413 /* Frameworks */ = {
			isa = PBXFrameworksBuildPhase;
			buildActionMask = 2147483647;
			files = (
			);
			runOnlyForDeploymentPostprocessing = 0;
		};
		6D5FBB7C2B2E060300EEB413 /* Frameworks */ = {
			isa = PBXFrameworksBuildPhase;
			buildActionMask = 2147483647;
			files = (
			);
			runOnlyForDeploymentPostprocessing = 0;
		};
		6D5FBB862B2E060300EEB413 /* Frameworks */ = {
			isa = PBXFrameworksBuildPhase;
			buildActionMask = 2147483647;
			files = (
			);
			runOnlyForDeploymentPostprocessing = 0;
		};
/* End PBXFrameworksBuildPhase section */

/* Begin PBXGroup section */
		6D5FBB602B2E060100EEB413 = {
			isa = PBXGroup;
			children = (
				6D5FBB6B2B2E060100EEB413 /* RecipeCookbook */,
				6D5FBB822B2E060300EEB413 /* RecipeCookbookTests */,
				6D5FBB8C2B2E060300EEB413 /* RecipeCookbookUITests */,
				6D5FBB6A2B2E060100EEB413 /* Products */,
			);
			sourceTree = "<group>";
		};
		6D5FBB6A2B2E060100EEB413 /* Products */ = {
			isa = PBXGroup;
			children = (
				6D5FBB692B2E060100EEB413 /* RecipeCookbook.app */,
				6D5FBB7F2B2E060300EEB413 /* RecipeCookbookTests.xctest */,
				6D5FBB892B2E060300EEB413 /* RecipeCookbookUITests.xctest */,
			);
			name = Products;
			sourceTree = "<group>";
		};
		6D5FBB6B2B2E060100EEB413 /* RecipeCookbook */ = {
			isa = PBXGroup;
			children = (
				6D9DC7002B31AB0F009F4753 /* AppDelegates */,
				6D9DC7062B31ABDA009F4753 /* Storyboard */,
				6D9DC7012B31AB29009F4753 /* ViewControllers */,
				6D9DC7052B31ABA2009F4753 /* Views */,
				6D95F5BC2B33023E0087CD30 /* View Models */,
				6D9DC7042B31AB8B009F4753 /* Models */,
				6DDC8FE82B516CFD000542E6 /* Coordinator */,
				6D9DC7032B31AB68009F4753 /* NetworkManager */,
				6D9DC7022B31AB4D009F4753 /* Utilities */,
				6D9C832A2B33FBF400BFE02F /* Json */,
				6D9DC7072B31ABEF009F4753 /* Assets */,
				6D5FBB7A2B2E060200EEB413 /* Info.plist */,
			);
			path = RecipeCookbook;
			sourceTree = "<group>";
		};
		6D5FBB822B2E060300EEB413 /* RecipeCookbookTests */ = {
			isa = PBXGroup;
			children = (
				6D5FBB832B2E060300EEB413 /* RecipeCookbookTests.swift */,
				6D1A4FD72B347BFA00969098 /* HomeIntroPageViewControllerTests.swift */,
				6D9C83282B33F95800BFE02F /* CategoryViewControllerTests.swift */,
				6D1A4FD92B348D0100969098 /* RecipeListViewControllerTests.swift */,
				6D1A4FDB2B34938300969098 /* MealDetailViewControllerTests.swift */,
			);
			path = RecipeCookbookTests;
			sourceTree = "<group>";
		};
		6D5FBB8C2B2E060300EEB413 /* RecipeCookbookUITests */ = {
			isa = PBXGroup;
			children = (
				6D5FBB8D2B2E060300EEB413 /* RecipeCookbookUITests.swift */,
				6D5FBB8F2B2E060300EEB413 /* RecipeCookbookUITestsLaunchTests.swift */,
				6D1A4FDD2B34997A00969098 /* HomeIntroPageViewControllerUITests.swift */,
				6D1A4FDF2B3499EA00969098 /* CategoryViewController.swift */,
				6D1A4FE12B349D8500969098 /* RecipeListViewcontrollerUITests.swift */,
				6D1A4FE52B34A0AC00969098 /* MealDetailViewControllerUITests.swift */,
			);
			path = RecipeCookbookUITests;
			sourceTree = "<group>";
		};
		6D95F5BC2B33023E0087CD30 /* View Models */ = {
			isa = PBXGroup;
			children = (
				6D95F5BD2B3303C60087CD30 /* CategoryViewModel.swift */,
				6D95F5BF2B335F0C0087CD30 /* RecipeListViewModel.swift */,
				6D1A4FD12B345C7700969098 /* HomeIntroPageViewModel.swift */,
				6D1A4FD32B3465D100969098 /* MealDetailViewModel.swift */,
			);
			path = "View Models";
			sourceTree = "<group>";
		};
		6D9C832A2B33FBF400BFE02F /* Json */ = {
			isa = PBXGroup;
			children = (
				6D9C832B2B33FC1800BFE02F /* Categories.json */,
				6D1A4FCF2B341A4700969098 /* Meals.json */,
			);
			path = Json;
			sourceTree = "<group>";
		};
		6D9DC7002B31AB0F009F4753 /* AppDelegates */ = {
			isa = PBXGroup;
			children = (
				6D5FBB6C2B2E060100EEB413 /* AppDelegate.swift */,
				6D5FBB6E2B2E060100EEB413 /* SceneDelegate.swift */,
			);
			path = AppDelegates;
			sourceTree = "<group>";
		};
		6D9DC7012B31AB29009F4753 /* ViewControllers */ = {
			isa = PBXGroup;
			children = (
				6D5FBB702B2E060100EEB413 /* HomeIntroPageViewController.swift */,
				6DDED4532B2F0046006F5AD7 /* CategoryViewController.swift */,
				6DAA92402B3053F70074A960 /* RecipeListViewController.swift */,
				6DAA92422B306D1B0074A960 /* MealDetailViewController.swift */,
			);
			path = ViewControllers;
			sourceTree = "<group>";
		};
		6D9DC7022B31AB4D009F4753 /* Utilities */ = {
			isa = PBXGroup;
			children = (
				6DDED45B2B2F29D6006F5AD7 /* Utility.swift */,
				6D1A4FD52B3471CE00969098 /* UIImageView+Extensions.swift */,
				6D95F5C12B33622D0087CD30 /* Enums.swift */,
				6D9DC70A2B31B7A6009F4753 /* Constants.swift */,
				6DDC8FED2B516E8F000542E6 /* StoryboardInstantiate.swift */,
			);
			path = Utilities;
			sourceTree = "<group>";
		};
		6D9DC7032B31AB68009F4753 /* NetworkManager */ = {
			isa = PBXGroup;
			children = (
				6DDED4552B2F1D33006F5AD7 /* RecipeCookbookNetworkManager.swift */,
				6D95F5C32B336C5A0087CD30 /* RequestHandler.swift */,
			);
			path = NetworkManager;
			sourceTree = "<group>";
		};
		6D9DC7042B31AB8B009F4753 /* Models */ = {
			isa = PBXGroup;
			children = (
				6DDED4572B2F272E006F5AD7 /* Category.swift */,
				6D9DC7082B31ACAC009F4753 /* Meal.swift */,
			);
			path = Models;
			sourceTree = "<group>";
		};
		6D9DC7052B31ABA2009F4753 /* Views */ = {
			isa = PBXGroup;
			children = (
				6D5FBB9C2B2E2FAF00EEB413 /* CategoryItem.xib */,
				6D5FBB9E2B2E312E00EEB413 /* CategoryView.swift */,
				6D9DC70D2B31BC01009F4753 /* RecipeListCell.swift */,
				6D9DC7112B31D54A009F4753 /* RecipeListView.xib */,
			);
			path = Views;
			sourceTree = "<group>";
		};
		6D9DC7062B31ABDA009F4753 /* Storyboard */ = {
			isa = PBXGroup;
			children = (
				6D5FBB772B2E060200EEB413 /* LaunchScreen.storyboard */,
				6D5FBB722B2E060100EEB413 /* Main.storyboard */,
				6D9DC7132B320F1D009F4753 /* RecipeStoryboard.storyboard */,
			);
			path = Storyboard;
			sourceTree = "<group>";
		};
		6D9DC7072B31ABEF009F4753 /* Assets */ = {
			isa = PBXGroup;
			children = (
				6D5FBB752B2E060200EEB413 /* Assets.xcassets */,
			);
			path = Assets;
			sourceTree = "<group>";
		};
		6DDC8FE82B516CFD000542E6 /* Coordinator */ = {
			isa = PBXGroup;
			children = (
				6DDC8FEB2B516E1F000542E6 /* Coordinator.swift */,
				6DDC8FE92B516D20000542E6 /* MainCoordinator.swift */,
			);
			path = Coordinator;
			sourceTree = "<group>";
		};
/* End PBXGroup section */

/* Begin PBXNativeTarget section */
		6D5FBB682B2E060100EEB413 /* RecipeCookbook */ = {
			isa = PBXNativeTarget;
			buildConfigurationList = 6D5FBB932B2E060300EEB413 /* Build configuration list for PBXNativeTarget "RecipeCookbook" */;
			buildPhases = (
				6D5FBB652B2E060100EEB413 /* Sources */,
				6D5FBB662B2E060100EEB413 /* Frameworks */,
				6D5FBB672B2E060100EEB413 /* Resources */,
			);
			buildRules = (
			);
			dependencies = (
			);
			name = RecipeCookbook;
			productName = GroceryApp;
			productReference = 6D5FBB692B2E060100EEB413 /* RecipeCookbook.app */;
			productType = "com.apple.product-type.application";
		};
		6D5FBB7E2B2E060300EEB413 /* RecipeCookbookTests */ = {
			isa = PBXNativeTarget;
			buildConfigurationList = 6D5FBB962B2E060300EEB413 /* Build configuration list for PBXNativeTarget "RecipeCookbookTests" */;
			buildPhases = (
				6D5FBB7B2B2E060300EEB413 /* Sources */,
				6D5FBB7C2B2E060300EEB413 /* Frameworks */,
				6D5FBB7D2B2E060300EEB413 /* Resources */,
			);
			buildRules = (
			);
			dependencies = (
				6D5FBB812B2E060300EEB413 /* PBXTargetDependency */,
			);
			name = RecipeCookbookTests;
			productName = GroceryAppTests;
			productReference = 6D5FBB7F2B2E060300EEB413 /* RecipeCookbookTests.xctest */;
			productType = "com.apple.product-type.bundle.unit-test";
		};
		6D5FBB882B2E060300EEB413 /* RecipeCookbookUITests */ = {
			isa = PBXNativeTarget;
			buildConfigurationList = 6D5FBB992B2E060300EEB413 /* Build configuration list for PBXNativeTarget "RecipeCookbookUITests" */;
			buildPhases = (
				6D5FBB852B2E060300EEB413 /* Sources */,
				6D5FBB862B2E060300EEB413 /* Frameworks */,
				6D5FBB872B2E060300EEB413 /* Resources */,
			);
			buildRules = (
			);
			dependencies = (
				6D5FBB8B2B2E060300EEB413 /* PBXTargetDependency */,
			);
			name = RecipeCookbookUITests;
			productName = GroceryAppUITests;
			productReference = 6D5FBB892B2E060300EEB413 /* RecipeCookbookUITests.xctest */;
			productType = "com.apple.product-type.bundle.ui-testing";
		};
/* End PBXNativeTarget section */

/* Begin PBXProject section */
		6D5FBB612B2E060100EEB413 /* Project object */ = {
			isa = PBXProject;
			attributes = {
				BuildIndependentTargetsInParallel = 1;
				LastSwiftUpdateCheck = 1510;
				LastUpgradeCheck = 1510;
				TargetAttributes = {
					6D5FBB682B2E060100EEB413 = {
						CreatedOnToolsVersion = 15.1;
					};
					6D5FBB7E2B2E060300EEB413 = {
						CreatedOnToolsVersion = 15.1;
						TestTargetID = 6D5FBB682B2E060100EEB413;
					};
					6D5FBB882B2E060300EEB413 = {
						CreatedOnToolsVersion = 15.1;
						TestTargetID = 6D5FBB682B2E060100EEB413;
					};
				};
			};
			buildConfigurationList = 6D5FBB642B2E060100EEB413 /* Build configuration list for PBXProject "RecipeCookbook" */;
			compatibilityVersion = "Xcode 14.0";
			developmentRegion = en;
			hasScannedForEncodings = 0;
			knownRegions = (
				en,
				Base,
			);
			mainGroup = 6D5FBB602B2E060100EEB413;
			productRefGroup = 6D5FBB6A2B2E060100EEB413 /* Products */;
			projectDirPath = "";
			projectRoot = "";
			targets = (
				6D5FBB682B2E060100EEB413 /* RecipeCookbook */,
				6D5FBB7E2B2E060300EEB413 /* RecipeCookbookTests */,
				6D5FBB882B2E060300EEB413 /* RecipeCookbookUITests */,
			);
		};
/* End PBXProject section */

/* Begin PBXResourcesBuildPhase section */
		6D5FBB672B2E060100EEB413 /* Resources */ = {
			isa = PBXResourcesBuildPhase;
			buildActionMask = 2147483647;
			files = (
				6D9DC7122B31D54A009F4753 /* RecipeListView.xib in Resources */,
				6D9DC7142B320F1D009F4753 /* RecipeStoryboard.storyboard in Resources */,
				6D5FBB792B2E060200EEB413 /* LaunchScreen.storyboard in Resources */,
				6D5FBB762B2E060200EEB413 /* Assets.xcassets in Resources */,
				6D1A4FD02B341A4700969098 /* Meals.json in Resources */,
				6D5FBB9D2B2E2FAF00EEB413 /* CategoryItem.xib in Resources */,
				6D5FBB742B2E060100EEB413 /* Main.storyboard in Resources */,
				6D9C832C2B33FC1800BFE02F /* Categories.json in Resources */,
			);
			runOnlyForDeploymentPostprocessing = 0;
		};
		6D5FBB7D2B2E060300EEB413 /* Resources */ = {
			isa = PBXResourcesBuildPhase;
			buildActionMask = 2147483647;
			files = (
			);
			runOnlyForDeploymentPostprocessing = 0;
		};
		6D5FBB872B2E060300EEB413 /* Resources */ = {
			isa = PBXResourcesBuildPhase;
			buildActionMask = 2147483647;
			files = (
			);
			runOnlyForDeploymentPostprocessing = 0;
		};
/* End PBXResourcesBuildPhase section */

/* Begin PBXSourcesBuildPhase section */
		6D5FBB652B2E060100EEB413 /* Sources */ = {
			isa = PBXSourcesBuildPhase;
			buildActionMask = 2147483647;
			files = (
				6D95F5BE2B3303C60087CD30 /* CategoryViewModel.swift in Sources */,
				6DDC8FEA2B516D20000542E6 /* MainCoordinator.swift in Sources */,
				6DAA92412B3053F70074A960 /* RecipeListViewController.swift in Sources */,
				6D1A4FD62B3471CE00969098 /* UIImageView+Extensions.swift in Sources */,
				6D5FBB712B2E060100EEB413 /* HomeIntroPageViewController.swift in Sources */,
				6DDED45C2B2F29D6006F5AD7 /* Utility.swift in Sources */,
				6DDC8FEC2B516E1F000542E6 /* Coordinator.swift in Sources */,
				6D9DC7092B31ACAC009F4753 /* Meal.swift in Sources */,
				6DAA92432B306D1B0074A960 /* MealDetailViewController.swift in Sources */,
				6D5FBB9F2B2E312E00EEB413 /* CategoryView.swift in Sources */,
				6D1A4FD42B3465D200969098 /* MealDetailViewModel.swift in Sources */,
				6D5FBB6D2B2E060100EEB413 /* AppDelegate.swift in Sources */,
				6D95F5C02B335F0C0087CD30 /* RecipeListViewModel.swift in Sources */,
				6DDED4562B2F1D33006F5AD7 /* RecipeCookbookNetworkManager.swift in Sources */,
				6D9DC70E2B31BC01009F4753 /* RecipeListCell.swift in Sources */,
				6DDED4542B2F0046006F5AD7 /* CategoryViewController.swift in Sources */,
				6D5FBB6F2B2E060100EEB413 /* SceneDelegate.swift in Sources */,
				6DDED4582B2F272E006F5AD7 /* Category.swift in Sources */,
				6D95F5C22B33622D0087CD30 /* Enums.swift in Sources */,
				6D9DC70B2B31B7A6009F4753 /* Constants.swift in Sources */,
				6D95F5C42B336C5A0087CD30 /* RequestHandler.swift in Sources */,
				6DDC8FEE2B516E8F000542E6 /* StoryboardInstantiate.swift in Sources */,
				6D1A4FD22B345C7700969098 /* HomeIntroPageViewModel.swift in Sources */,
			);
			runOnlyForDeploymentPostprocessing = 0;
		};
		6D5FBB7B2B2E060300EEB413 /* Sources */ = {
			isa = PBXSourcesBuildPhase;
			buildActionMask = 2147483647;
			files = (
				6D1A4FDA2B348D0100969098 /* RecipeListViewControllerTests.swift in Sources */,
				6D1A4FD82B347BFA00969098 /* HomeIntroPageViewControllerTests.swift in Sources */,
				6D9C83292B33F95800BFE02F /* CategoryViewControllerTests.swift in Sources */,
				6D5FBB842B2E060300EEB413 /* RecipeCookbookTests.swift in Sources */,
				6D1A4FDC2B34938300969098 /* MealDetailViewControllerTests.swift in Sources */,
			);
			runOnlyForDeploymentPostprocessing = 0;
		};
		6D5FBB852B2E060300EEB413 /* Sources */ = {
			isa = PBXSourcesBuildPhase;
			buildActionMask = 2147483647;
			files = (
				6D1A4FE02B3499EA00969098 /* CategoryViewController.swift in Sources */,
				6D5FBB902B2E060300EEB413 /* RecipeCookbookUITestsLaunchTests.swift in Sources */,
				6D1A4FE62B34A0AC00969098 /* MealDetailViewControllerUITests.swift in Sources */,
				6D1A4FE42B34A08900969098 /* RecipeCookbookUITests.swift in Sources */,
				6D1A4FDE2B34997A00969098 /* HomeIntroPageViewControllerUITests.swift in Sources */,
				6D1A4FE22B349D8500969098 /* RecipeListViewcontrollerUITests.swift in Sources */,
			);
			runOnlyForDeploymentPostprocessing = 0;
		};
/* End PBXSourcesBuildPhase section */

/* Begin PBXTargetDependency section */
		6D5FBB812B2E060300EEB413 /* PBXTargetDependency */ = {
			isa = PBXTargetDependency;
			target = 6D5FBB682B2E060100EEB413 /* RecipeCookbook */;
			targetProxy = 6D5FBB802B2E060300EEB413 /* PBXContainerItemProxy */;
		};
		6D5FBB8B2B2E060300EEB413 /* PBXTargetDependency */ = {
			isa = PBXTargetDependency;
			target = 6D5FBB682B2E060100EEB413 /* RecipeCookbook */;
			targetProxy = 6D5FBB8A2B2E060300EEB413 /* PBXContainerItemProxy */;
		};
/* End PBXTargetDependency section */

/* Begin PBXVariantGroup section */
		6D5FBB722B2E060100EEB413 /* Main.storyboard */ = {
			isa = PBXVariantGroup;
			children = (
				6D5FBB732B2E060100EEB413 /* Base */,
			);
			name = Main.storyboard;
			sourceTree = "<group>";
		};
		6D5FBB772B2E060200EEB413 /* LaunchScreen.storyboard */ = {
			isa = PBXVariantGroup;
			children = (
				6D5FBB782B2E060200EEB413 /* Base */,
			);
			name = LaunchScreen.storyboard;
			sourceTree = "<group>";
		};
/* End PBXVariantGroup section */

/* Begin XCBuildConfiguration section */
		6D5FBB912B2E060300EEB413 /* Debug */ = {
			isa = XCBuildConfiguration;
			buildSettings = {
				ALWAYS_SEARCH_USER_PATHS = NO;
				ASSETCATALOG_COMPILER_GENERATE_SWIFT_ASSET_SYMBOL_EXTENSIONS = YES;
				CLANG_ANALYZER_NONNULL = YES;
				CLANG_ANALYZER_NUMBER_OBJECT_CONVERSION = YES_AGGRESSIVE;
				CLANG_CXX_LANGUAGE_STANDARD = "gnu++20";
				CLANG_ENABLE_MODULES = YES;
				CLANG_ENABLE_OBJC_ARC = YES;
				CLANG_ENABLE_OBJC_WEAK = YES;
				CLANG_WARN_BLOCK_CAPTURE_AUTORELEASING = YES;
				CLANG_WARN_BOOL_CONVERSION = YES;
				CLANG_WARN_COMMA = YES;
				CLANG_WARN_CONSTANT_CONVERSION = YES;
				CLANG_WARN_DEPRECATED_OBJC_IMPLEMENTATIONS = YES;
				CLANG_WARN_DIRECT_OBJC_ISA_USAGE = YES_ERROR;
				CLANG_WARN_DOCUMENTATION_COMMENTS = YES;
				CLANG_WARN_EMPTY_BODY = YES;
				CLANG_WARN_ENUM_CONVERSION = YES;
				CLANG_WARN_INFINITE_RECURSION = YES;
				CLANG_WARN_INT_CONVERSION = YES;
				CLANG_WARN_NON_LITERAL_NULL_CONVERSION = YES;
				CLANG_WARN_OBJC_IMPLICIT_RETAIN_SELF = YES;
				CLANG_WARN_OBJC_LITERAL_CONVERSION = YES;
				CLANG_WARN_OBJC_ROOT_CLASS = YES_ERROR;
				CLANG_WARN_QUOTED_INCLUDE_IN_FRAMEWORK_HEADER = YES;
				CLANG_WARN_RANGE_LOOP_ANALYSIS = YES;
				CLANG_WARN_STRICT_PROTOTYPES = YES;
				CLANG_WARN_SUSPICIOUS_MOVE = YES;
				CLANG_WARN_UNGUARDED_AVAILABILITY = YES_AGGRESSIVE;
				CLANG_WARN_UNREACHABLE_CODE = YES;
				CLANG_WARN__DUPLICATE_METHOD_MATCH = YES;
				COPY_PHASE_STRIP = NO;
				DEBUG_INFORMATION_FORMAT = dwarf;
				ENABLE_STRICT_OBJC_MSGSEND = YES;
				ENABLE_TESTABILITY = YES;
				ENABLE_USER_SCRIPT_SANDBOXING = YES;
				GCC_C_LANGUAGE_STANDARD = gnu17;
				GCC_DYNAMIC_NO_PIC = NO;
				GCC_NO_COMMON_BLOCKS = YES;
				GCC_OPTIMIZATION_LEVEL = 0;
				GCC_PREPROCESSOR_DEFINITIONS = (
					"DEBUG=1",
					"$(inherited)",
				);
				GCC_WARN_64_TO_32_BIT_CONVERSION = YES;
				GCC_WARN_ABOUT_RETURN_TYPE = YES_ERROR;
				GCC_WARN_UNDECLARED_SELECTOR = YES;
				GCC_WARN_UNINITIALIZED_AUTOS = YES_AGGRESSIVE;
				GCC_WARN_UNUSED_FUNCTION = YES;
				GCC_WARN_UNUSED_VARIABLE = YES;
				IPHONEOS_DEPLOYMENT_TARGET = 17.2;
				LOCALIZATION_PREFERS_STRING_CATALOGS = YES;
				MTL_ENABLE_DEBUG_INFO = INCLUDE_SOURCE;
				MTL_FAST_MATH = YES;
				ONLY_ACTIVE_ARCH = YES;
				SDKROOT = iphoneos;
				SWIFT_ACTIVE_COMPILATION_CONDITIONS = "DEBUG $(inherited)";
				SWIFT_OPTIMIZATION_LEVEL = "-Onone";
			};
			name = Debug;
		};
		6D5FBB922B2E060300EEB413 /* Release */ = {
			isa = XCBuildConfiguration;
			buildSettings = {
				ALWAYS_SEARCH_USER_PATHS = NO;
				ASSETCATALOG_COMPILER_GENERATE_SWIFT_ASSET_SYMBOL_EXTENSIONS = YES;
				CLANG_ANALYZER_NONNULL = YES;
				CLANG_ANALYZER_NUMBER_OBJECT_CONVERSION = YES_AGGRESSIVE;
				CLANG_CXX_LANGUAGE_STANDARD = "gnu++20";
				CLANG_ENABLE_MODULES = YES;
				CLANG_ENABLE_OBJC_ARC = YES;
				CLANG_ENABLE_OBJC_WEAK = YES;
				CLANG_WARN_BLOCK_CAPTURE_AUTORELEASING = YES;
				CLANG_WARN_BOOL_CONVERSION = YES;
				CLANG_WARN_COMMA = YES;
				CLANG_WARN_CONSTANT_CONVERSION = YES;
				CLANG_WARN_DEPRECATED_OBJC_IMPLEMENTATIONS = YES;
				CLANG_WARN_DIRECT_OBJC_ISA_USAGE = YES_ERROR;
				CLANG_WARN_DOCUMENTATION_COMMENTS = YES;
				CLANG_WARN_EMPTY_BODY = YES;
				CLANG_WARN_ENUM_CONVERSION = YES;
				CLANG_WARN_INFINITE_RECURSION = YES;
				CLANG_WARN_INT_CONVERSION = YES;
				CLANG_WARN_NON_LITERAL_NULL_CONVERSION = YES;
				CLANG_WARN_OBJC_IMPLICIT_RETAIN_SELF = YES;
				CLANG_WARN_OBJC_LITERAL_CONVERSION = YES;
				CLANG_WARN_OBJC_ROOT_CLASS = YES_ERROR;
				CLANG_WARN_QUOTED_INCLUDE_IN_FRAMEWORK_HEADER = YES;
				CLANG_WARN_RANGE_LOOP_ANALYSIS = YES;
				CLANG_WARN_STRICT_PROTOTYPES = YES;
				CLANG_WARN_SUSPICIOUS_MOVE = YES;
				CLANG_WARN_UNGUARDED_AVAILABILITY = YES_AGGRESSIVE;
				CLANG_WARN_UNREACHABLE_CODE = YES;
				CLANG_WARN__DUPLICATE_METHOD_MATCH = YES;
				COPY_PHASE_STRIP = NO;
				DEBUG_INFORMATION_FORMAT = "dwarf-with-dsym";
				ENABLE_NS_ASSERTIONS = NO;
				ENABLE_STRICT_OBJC_MSGSEND = YES;
				ENABLE_USER_SCRIPT_SANDBOXING = YES;
				GCC_C_LANGUAGE_STANDARD = gnu17;
				GCC_NO_COMMON_BLOCKS = YES;
				GCC_WARN_64_TO_32_BIT_CONVERSION = YES;
				GCC_WARN_ABOUT_RETURN_TYPE = YES_ERROR;
				GCC_WARN_UNDECLARED_SELECTOR = YES;
				GCC_WARN_UNINITIALIZED_AUTOS = YES_AGGRESSIVE;
				GCC_WARN_UNUSED_FUNCTION = YES;
				GCC_WARN_UNUSED_VARIABLE = YES;
				IPHONEOS_DEPLOYMENT_TARGET = 17.2;
				LOCALIZATION_PREFERS_STRING_CATALOGS = YES;
				MTL_ENABLE_DEBUG_INFO = NO;
				MTL_FAST_MATH = YES;
				SDKROOT = iphoneos;
				SWIFT_COMPILATION_MODE = wholemodule;
				VALIDATE_PRODUCT = YES;
			};
			name = Release;
		};
		6D5FBB942B2E060300EEB413 /* Debug */ = {
			isa = XCBuildConfiguration;
			buildSettings = {
				ASSETCATALOG_COMPILER_APPICON_NAME = AppIcon;
				ASSETCATALOG_COMPILER_GLOBAL_ACCENT_COLOR_NAME = AccentColor;
				CODE_SIGN_STYLE = Automatic;
				CURRENT_PROJECT_VERSION = 1;
				DEVELOPMENT_TEAM = 28G3KY9QZ7;
				GENERATE_INFOPLIST_FILE = YES;
				INFOPLIST_FILE = RecipeCookbook/Info.plist;
				INFOPLIST_KEY_LSApplicationCategoryType = "public.app-category.food-and-drink";
				INFOPLIST_KEY_UIApplicationSupportsIndirectInputEvents = YES;
				INFOPLIST_KEY_UILaunchStoryboardName = LaunchScreen;
				INFOPLIST_KEY_UIMainStoryboardFile = Main;
				INFOPLIST_KEY_UISupportedInterfaceOrientations_iPad = "UIInterfaceOrientationPortrait UIInterfaceOrientationPortraitUpsideDown UIInterfaceOrientationLandscapeLeft UIInterfaceOrientationLandscapeRight";
				INFOPLIST_KEY_UISupportedInterfaceOrientations_iPhone = "UIInterfaceOrientationPortrait UIInterfaceOrientationLandscapeLeft UIInterfaceOrientationLandscapeRight";
				LD_RUNPATH_SEARCH_PATHS = (
					"$(inherited)",
					"@executable_path/Frameworks",
				);
				MARKETING_VERSION = 1.0;
				PRODUCT_BUNDLE_IDENTIFIER = com.shrutimendon.RecipeCookbook;
				PRODUCT_NAME = "$(TARGET_NAME)";
				SWIFT_EMIT_LOC_STRINGS = YES;
				SWIFT_VERSION = 5.0;
				TARGETED_DEVICE_FAMILY = "1,2";
			};
			name = Debug;
		};
		6D5FBB952B2E060300EEB413 /* Release */ = {
			isa = XCBuildConfiguration;
			buildSettings = {
				ASSETCATALOG_COMPILER_APPICON_NAME = AppIcon;
				ASSETCATALOG_COMPILER_GLOBAL_ACCENT_COLOR_NAME = AccentColor;
				CODE_SIGN_STYLE = Automatic;
				CURRENT_PROJECT_VERSION = 1;
				DEVELOPMENT_TEAM = 28G3KY9QZ7;
				GENERATE_INFOPLIST_FILE = YES;
				INFOPLIST_FILE = RecipeCookbook/Info.plist;
				INFOPLIST_KEY_LSApplicationCategoryType = "public.app-category.food-and-drink";
				INFOPLIST_KEY_UIApplicationSupportsIndirectInputEvents = YES;
				INFOPLIST_KEY_UILaunchStoryboardName = LaunchScreen;
				INFOPLIST_KEY_UIMainStoryboardFile = Main;
				INFOPLIST_KEY_UISupportedInterfaceOrientations_iPad = "UIInterfaceOrientationPortrait UIInterfaceOrientationPortraitUpsideDown UIInterfaceOrientationLandscapeLeft UIInterfaceOrientationLandscapeRight";
				INFOPLIST_KEY_UISupportedInterfaceOrientations_iPhone = "UIInterfaceOrientationPortrait UIInterfaceOrientationLandscapeLeft UIInterfaceOrientationLandscapeRight";
				LD_RUNPATH_SEARCH_PATHS = (
					"$(inherited)",
					"@executable_path/Frameworks",
				);
				MARKETING_VERSION = 1.0;
				PRODUCT_BUNDLE_IDENTIFIER = com.shrutimendon.RecipeCookbook;
				PRODUCT_NAME = "$(TARGET_NAME)";
				SWIFT_EMIT_LOC_STRINGS = YES;
				SWIFT_VERSION = 5.0;
				TARGETED_DEVICE_FAMILY = "1,2";
			};
			name = Release;
		};
		6D5FBB972B2E060300EEB413 /* Debug */ = {
			isa = XCBuildConfiguration;
			buildSettings = {
				ALWAYS_EMBED_SWIFT_STANDARD_LIBRARIES = YES;
				BUNDLE_LOADER = "$(TEST_HOST)";
				CODE_SIGN_STYLE = Automatic;
				CURRENT_PROJECT_VERSION = 1;
				DEVELOPMENT_TEAM = 28G3KY9QZ7;
				GENERATE_INFOPLIST_FILE = YES;
				IPHONEOS_DEPLOYMENT_TARGET = 17.2;
				MARKETING_VERSION = 1.0;
				PRODUCT_BUNDLE_IDENTIFIER = com.shrutimendon.RecipeCookbookTests;
				PRODUCT_NAME = "$(TARGET_NAME)";
				SWIFT_EMIT_LOC_STRINGS = NO;
				SWIFT_VERSION = 5.0;
				TARGETED_DEVICE_FAMILY = "1,2";
				TEST_HOST = "$(BUILT_PRODUCTS_DIR)/RecipeCookbook.app/$(BUNDLE_EXECUTABLE_FOLDER_PATH)/RecipeCookbook";
			};
			name = Debug;
		};
		6D5FBB982B2E060300EEB413 /* Release */ = {
			isa = XCBuildConfiguration;
			buildSettings = {
				ALWAYS_EMBED_SWIFT_STANDARD_LIBRARIES = YES;
				BUNDLE_LOADER = "$(TEST_HOST)";
				CODE_SIGN_STYLE = Automatic;
				CURRENT_PROJECT_VERSION = 1;
				DEVELOPMENT_TEAM = 28G3KY9QZ7;
				GENERATE_INFOPLIST_FILE = YES;
				IPHONEOS_DEPLOYMENT_TARGET = 17.2;
				MARKETING_VERSION = 1.0;
				PRODUCT_BUNDLE_IDENTIFIER = com.shrutimendon.RecipeCookbookTests;
				PRODUCT_NAME = "$(TARGET_NAME)";
				SWIFT_EMIT_LOC_STRINGS = NO;
				SWIFT_VERSION = 5.0;
				TARGETED_DEVICE_FAMILY = "1,2";
				TEST_HOST = "$(BUILT_PRODUCTS_DIR)/RecipeCookbook.app/$(BUNDLE_EXECUTABLE_FOLDER_PATH)/RecipeCookbook";
			};
			name = Release;
		};
		6D5FBB9A2B2E060300EEB413 /* Debug */ = {
			isa = XCBuildConfiguration;
			buildSettings = {
				ALWAYS_EMBED_SWIFT_STANDARD_LIBRARIES = YES;
				CODE_SIGN_STYLE = Automatic;
				CURRENT_PROJECT_VERSION = 1;
				DEVELOPMENT_TEAM = 28G3KY9QZ7;
				GENERATE_INFOPLIST_FILE = YES;
				MARKETING_VERSION = 1.0;
				PRODUCT_BUNDLE_IDENTIFIER = com.shrutimendon.RecipeCookbookUITests;
				PRODUCT_NAME = "$(TARGET_NAME)";
				SWIFT_EMIT_LOC_STRINGS = NO;
				SWIFT_VERSION = 5.0;
				TARGETED_DEVICE_FAMILY = "1,2";
				TEST_TARGET_NAME = RecipeCookbook;
			};
			name = Debug;
		};
		6D5FBB9B2B2E060300EEB413 /* Release */ = {
			isa = XCBuildConfiguration;
			buildSettings = {
				ALWAYS_EMBED_SWIFT_STANDARD_LIBRARIES = YES;
				CODE_SIGN_STYLE = Automatic;
				CURRENT_PROJECT_VERSION = 1;
				DEVELOPMENT_TEAM = 28G3KY9QZ7;
				GENERATE_INFOPLIST_FILE = YES;
				MARKETING_VERSION = 1.0;
				PRODUCT_BUNDLE_IDENTIFIER = com.shrutimendon.RecipeCookbookUITests;
				PRODUCT_NAME = "$(TARGET_NAME)";
				SWIFT_EMIT_LOC_STRINGS = NO;
				SWIFT_VERSION = 5.0;
				TARGETED_DEVICE_FAMILY = "1,2";
				TEST_TARGET_NAME = RecipeCookbook;
			};
			name = Release;
		};
/* End XCBuildConfiguration section */

/* Begin XCConfigurationList section */
		6D5FBB642B2E060100EEB413 /* Build configuration list for PBXProject "RecipeCookbook" */ = {
			isa = XCConfigurationList;
			buildConfigurations = (
				6D5FBB912B2E060300EEB413 /* Debug */,
				6D5FBB922B2E060300EEB413 /* Release */,
			);
			defaultConfigurationIsVisible = 0;
			defaultConfigurationName = Release;
		};
		6D5FBB932B2E060300EEB413 /* Build configuration list for PBXNativeTarget "RecipeCookbook" */ = {
			isa = XCConfigurationList;
			buildConfigurations = (
				6D5FBB942B2E060300EEB413 /* Debug */,
				6D5FBB952B2E060300EEB413 /* Release */,
			);
			defaultConfigurationIsVisible = 0;
			defaultConfigurationName = Release;
		};
		6D5FBB962B2E060300EEB413 /* Build configuration list for PBXNativeTarget "RecipeCookbookTests" */ = {
			isa = XCConfigurationList;
			buildConfigurations = (
				6D5FBB972B2E060300EEB413 /* Debug */,
				6D5FBB982B2E060300EEB413 /* Release */,
			);
			defaultConfigurationIsVisible = 0;
			defaultConfigurationName = Release;
		};
		6D5FBB992B2E060300EEB413 /* Build configuration list for PBXNativeTarget "RecipeCookbookUITests" */ = {
			isa = XCConfigurationList;
			buildConfigurations = (
				6D5FBB9A2B2E060300EEB413 /* Debug */,
				6D5FBB9B2B2E060300EEB413 /* Release */,
			);
			defaultConfigurationIsVisible = 0;
			defaultConfigurationName = Release;
		};
/* End XCConfigurationList section */
	};
	rootObject = 6D5FBB612B2E060100EEB413 /* Project object */;
}
